
Microsoft Visual Studio Solution File, Format Version 12.00
# Visual Studio Version 16
VisualStudioVersion = 16.0.31727.386
MinimumVisualStudioVersion = 10.0.40219.1
Project("{FAE04EC0-301F-11D3-BF4B-00C04F79EFBC}") = "SalesWebMvc", "SalesWebMvc\SalesWebMvc.csproj", "{6EA72AA8-BE74-4F33-A445-86CC6B3E197F}"
EndProject
Global
	GlobalSection(SolutionConfigurationPlatforms) = preSolution
		Debug|Any CPU = Debug|Any CPU
		Release|Any CPU = Release|Any CPU
	EndGlobalSection
	GlobalSection(ProjectConfigurationPlatforms) = postSolution
		{6EA72AA8-BE74-4F33-A445-86CC6B3E197F}.Debug|Any CPU.ActiveCfg = Debug|Any CPU
		{6EA72AA8-BE74-4F33-A445-86CC6B3E197F}.Debug|Any CPU.Build.0 = Debug|Any CPU
		{6EA72AA8-BE74-4F33-A445-86CC6B3E197F}.Release|Any CPU.ActiveCfg = Release|Any CPU
		{6EA72AA8-BE74-4F33-A445-86CC6B3E197F}.Release|Any CPU.Build.0 = Release|Any CPU
	EndGlobalSection
	GlobalSection(SolutionProperties) = preSolution
		HideSolutionNode = FALSE
	EndGlobalSection
	GlobalSection(ExtensibilityGlobals) = postSolution
		SolutionGuid = {2B104A83-4ED6-4B8C-A9C2-0A22303BC07B}
	EndGlobalSection
EndGlobal
